
Microsoft Visual Studio Solution File, Format Version 12.00
# Visual Studio Version 17
VisualStudioVersion = 17.11.35208.52
MinimumVisualStudioVersion = 10.0.40219.1
Project("{FAE04EC0-301F-11D3-BF4B-00C04F79EFBC}") = "ChessGameConsoleApp", "ChessGameConsoleApp.csproj", "{434D5D9C-291B-4CCD-95EA-009E3B9322FB}"
EndProject
Global
	GlobalSection(SolutionConfigurationPlatforms) = preSolution
		Debug|Any CPU = Debug|Any CPU
		Release|Any CPU = Release|Any CPU
	EndGlobalSection
	GlobalSection(ProjectConfigurationPlatforms) = postSolution
		{434D5D9C-291B-4CCD-95EA-009E3B9322FB}.Debug|Any CPU.ActiveCfg = Debug|Any CPU
		{434D5D9C-291B-4CCD-95EA-009E3B9322FB}.Debug|Any CPU.Build.0 = Debug|Any CPU
		{434D5D9C-291B-4CCD-95EA-009E3B9322FB}.Release|Any CPU.ActiveCfg = Release|Any CPU
		{434D5D9C-291B-4CCD-95EA-009E3B9322FB}.Release|Any CPU.Build.0 = Release|Any CPU
	EndGlobalSection
	GlobalSection(SolutionProperties) = preSolution
		HideSolutionNode = FALSE
	EndGlobalSection
	GlobalSection(ExtensibilityGlobals) = postSolution
		SolutionGuid = {EF498209-0CE3-455F-81C4-FE3174F78823}
	EndGlobalSection
EndGlobal
